// !$*UTF8*$!
{
	archiveVersion = 1;
	classes = {
	};
	objectVersion = 56;
	objects = {

/* Begin PBXBuildFile section */
		E22F886B29EB7E05009B3518 /* CardMarksCalculateApp.swift in Sources */ = {isa = PBXBuildFile; fileRef = E22F886A29EB7E05009B3518 /* CardMarksCalculateApp.swift */; };
		E22F886D29EB7E05009B3518 /* ContentView.swift in Sources */ = {isa = PBXBuildFile; fileRef = E22F886C29EB7E05009B3518 /* ContentView.swift */; };
		E22F886F29EB7E06009B3518 /* Assets.xcassets in Resources */ = {isa = PBXBuildFile; fileRef = E22F886E29EB7E06009B3518 /* Assets.xcassets */; };
		E22F887329EB7E06009B3518 /* Preview Assets.xcassets in Resources */ = {isa = PBXBuildFile; fileRef = E22F887229EB7E06009B3518 /* Preview Assets.xcassets */; };
		E22F887D29EB7E06009B3518 /* CardMarksCalculateTests.swift in Sources */ = {isa = PBXBuildFile; fileRef = E22F887C29EB7E06009B3518 /* CardMarksCalculateTests.swift */; };
		E22F888729EB7E06009B3518 /* CardMarksCalculateUITests.swift in Sources */ = {isa = PBXBuildFile; fileRef = E22F888629EB7E06009B3518 /* CardMarksCalculateUITests.swift */; };
		E22F888929EB7E06009B3518 /* CardMarksCalculateUITestsLaunchTests.swift in Sources */ = {isa = PBXBuildFile; fileRef = E22F888829EB7E06009B3518 /* CardMarksCalculateUITestsLaunchTests.swift */; };
		E22F889729EB7FED009B3518 /* Ranks.swift in Sources */ = {isa = PBXBuildFile; fileRef = E22F889629EB7FED009B3518 /* Ranks.swift */; };
		E22F889929EB8B4A009B3518 /* Rank.swift in Sources */ = {isa = PBXBuildFile; fileRef = E22F889829EB8B4A009B3518 /* Rank.swift */; };
		E22F889B29EBAAD4009B3518 /* HeaderPlayers.swift in Sources */ = {isa = PBXBuildFile; fileRef = E22F889A29EBAAD4009B3518 /* HeaderPlayers.swift */; };
		E22F889D29EBE9AA009B3518 /* RowStyle.swift in Sources */ = {isa = PBXBuildFile; fileRef = E22F889C29EBE9AA009B3518 /* RowStyle.swift */; };
		E22F889F29EBEAF4009B3518 /* Rounds.swift in Sources */ = {isa = PBXBuildFile; fileRef = E22F889E29EBEAF4009B3518 /* Rounds.swift */; };
		E22F88A229EBF2CE009B3518 /* FunctionalButtons.swift in Sources */ = {isa = PBXBuildFile; fileRef = E22F88A129EBF2CE009B3518 /* FunctionalButtons.swift */; };
/* End PBXBuildFile section */

/* Begin PBXContainerItemProxy section */
		E22F887929EB7E06009B3518 /* PBXContainerItemProxy */ = {
			isa = PBXContainerItemProxy;
			containerPortal = E22F885F29EB7E04009B3518 /* Project object */;
			proxyType = 1;
			remoteGlobalIDString = E22F886629EB7E05009B3518;
			remoteInfo = CardMarksCalculate;
		};
		E22F888329EB7E06009B3518 /* PBXContainerItemProxy */ = {
			isa = PBXContainerItemProxy;
			containerPortal = E22F885F29EB7E04009B3518 /* Project object */;
			proxyType = 1;
			remoteGlobalIDString = E22F886629EB7E05009B3518;
			remoteInfo = CardMarksCalculate;
		};
/* End PBXContainerItemProxy section */

/* Begin PBXFileReference section */
		E22F886729EB7E05009B3518 /* CardMarksCalculate.app */ = {isa = PBXFileReference; explicitFileType = wrapper.application; includeInIndex = 0; path = CardMarksCalculate.app; sourceTree = BUILT_PRODUCTS_DIR; };
		E22F886A29EB7E05009B3518 /* CardMarksCalculateApp.swift */ = {isa = PBXFileReference; lastKnownFileType = sourcecode.swift; path = CardMarksCalculateApp.swift; sourceTree = "<group>"; };
		E22F886C29EB7E05009B3518 /* ContentView.swift */ = {isa = PBXFileReference; lastKnownFileType = sourcecode.swift; path = ContentView.swift; sourceTree = "<group>"; };
		E22F886E29EB7E06009B3518 /* Assets.xcassets */ = {isa = PBXFileReference; lastKnownFileType = folder.assetcatalog; path = Assets.xcassets; sourceTree = "<group>"; };
		E22F887029EB7E06009B3518 /* CardMarksCalculate.entitlements */ = {isa = PBXFileReference; lastKnownFileType = text.plist.entitlements; path = CardMarksCalculate.entitlements; sourceTree = "<group>"; };
		E22F887229EB7E06009B3518 /* Preview Assets.xcassets */ = {isa = PBXFileReference; lastKnownFileType = folder.assetcatalog; path = "Preview Assets.xcassets"; sourceTree = "<group>"; };
		E22F887829EB7E06009B3518 /* CardMarksCalculateTests.xctest */ = {isa = PBXFileReference; explicitFileType = wrapper.cfbundle; includeInIndex = 0; path = CardMarksCalculateTests.xctest; sourceTree = BUILT_PRODUCTS_DIR; };
		E22F887C29EB7E06009B3518 /* CardMarksCalculateTests.swift */ = {isa = PBXFileReference; lastKnownFileType = sourcecode.swift; path = CardMarksCalculateTests.swift; sourceTree = "<group>"; };
		E22F888229EB7E06009B3518 /* CardMarksCalculateUITests.xctest */ = {isa = PBXFileReference; explicitFileType = wrapper.cfbundle; includeInIndex = 0; path = CardMarksCalculateUITests.xctest; sourceTree = BUILT_PRODUCTS_DIR; };
		E22F888629EB7E06009B3518 /* CardMarksCalculateUITests.swift */ = {isa = PBXFileReference; lastKnownFileType = sourcecode.swift; path = CardMarksCalculateUITests.swift; sourceTree = "<group>"; };
		E22F888829EB7E06009B3518 /* CardMarksCalculateUITestsLaunchTests.swift */ = {isa = PBXFileReference; lastKnownFileType = sourcecode.swift; path = CardMarksCalculateUITestsLaunchTests.swift; sourceTree = "<group>"; };
		E22F889629EB7FED009B3518 /* Ranks.swift */ = {isa = PBXFileReference; lastKnownFileType = sourcecode.swift; path = Ranks.swift; sourceTree = "<group>"; };
		E22F889829EB8B4A009B3518 /* Rank.swift */ = {isa = PBXFileReference; lastKnownFileType = sourcecode.swift; path = Rank.swift; sourceTree = "<group>"; };
		E22F889A29EBAAD4009B3518 /* HeaderPlayers.swift */ = {isa = PBXFileReference; lastKnownFileType = sourcecode.swift; path = HeaderPlayers.swift; sourceTree = "<group>"; };
		E22F889C29EBE9AA009B3518 /* RowStyle.swift */ = {isa = PBXFileReference; lastKnownFileType = sourcecode.swift; path = RowStyle.swift; sourceTree = "<group>"; };
		E22F889E29EBEAF4009B3518 /* Rounds.swift */ = {isa = PBXFileReference; lastKnownFileType = sourcecode.swift; path = Rounds.swift; sourceTree = "<group>"; };
		E22F88A129EBF2CE009B3518 /* FunctionalButtons.swift */ = {isa = PBXFileReference; lastKnownFileType = sourcecode.swift; path = FunctionalButtons.swift; sourceTree = "<group>"; };
/* End PBXFileReference section */

/* Begin PBXFrameworksBuildPhase section */
		E22F886429EB7E05009B3518 /* Frameworks */ = {
			isa = PBXFrameworksBuildPhase;
			buildActionMask = 2147483647;
			files = (
			);
			runOnlyForDeploymentPostprocessing = 0;
		};
		E22F887529EB7E06009B3518 /* Frameworks */ = {
			isa = PBXFrameworksBuildPhase;
			buildActionMask = 2147483647;
			files = (
			);
			runOnlyForDeploymentPostprocessing = 0;
		};
		E22F887F29EB7E06009B3518 /* Frameworks */ = {
			isa = PBXFrameworksBuildPhase;
			buildActionMask = 2147483647;
			files = (
			);
			runOnlyForDeploymentPostprocessing = 0;
		};
/* End PBXFrameworksBuildPhase section */

/* Begin PBXGroup section */
		E22F885E29EB7E04009B3518 = {
			isa = PBXGroup;
			children = (
				E22F886929EB7E05009B3518 /* CardMarksCalculate */,
				E22F887B29EB7E06009B3518 /* CardMarksCalculateTests */,
				E22F888529EB7E06009B3518 /* CardMarksCalculateUITests */,
				E22F886829EB7E05009B3518 /* Products */,
			);
			sourceTree = "<group>";
		};
		E22F886829EB7E05009B3518 /* Products */ = {
			isa = PBXGroup;
			children = (
				E22F886729EB7E05009B3518 /* CardMarksCalculate.app */,
				E22F887829EB7E06009B3518 /* CardMarksCalculateTests.xctest */,
				E22F888229EB7E06009B3518 /* CardMarksCalculateUITests.xctest */,
			);
			name = Products;
			sourceTree = "<group>";
		};
		E22F886929EB7E05009B3518 /* CardMarksCalculate */ = {
			isa = PBXGroup;
			children = (
				E22F88A029EBF26B009B3518 /* Style */,
				E22F889529EB7FA1009B3518 /* Models */,
				E22F886A29EB7E05009B3518 /* CardMarksCalculateApp.swift */,
				E22F886C29EB7E05009B3518 /* ContentView.swift */,
				E22F886E29EB7E06009B3518 /* Assets.xcassets */,
				E22F887029EB7E06009B3518 /* CardMarksCalculate.entitlements */,
				E22F887129EB7E06009B3518 /* Preview Content */,
			);
			path = CardMarksCalculate;
			sourceTree = "<group>";
		};
		E22F887129EB7E06009B3518 /* Preview Content */ = {
			isa = PBXGroup;
			children = (
				E22F887229EB7E06009B3518 /* Preview Assets.xcassets */,
			);
			path = "Preview Content";
			sourceTree = "<group>";
		};
		E22F887B29EB7E06009B3518 /* CardMarksCalculateTests */ = {
			isa = PBXGroup;
			children = (
				E22F887C29EB7E06009B3518 /* CardMarksCalculateTests.swift */,
			);
			path = CardMarksCalculateTests;
			sourceTree = "<group>";
		};
		E22F888529EB7E06009B3518 /* CardMarksCalculateUITests */ = {
			isa = PBXGroup;
			children = (
				E22F888629EB7E06009B3518 /* CardMarksCalculateUITests.swift */,
				E22F888829EB7E06009B3518 /* CardMarksCalculateUITestsLaunchTests.swift */,
			);
			path = CardMarksCalculateUITests;
			sourceTree = "<group>";
		};
		E22F889529EB7FA1009B3518 /* Models */ = {
			isa = PBXGroup;
			children = (
				E22F889629EB7FED009B3518 /* Ranks.swift */,
				E22F889829EB8B4A009B3518 /* Rank.swift */,
				E22F889A29EBAAD4009B3518 /* HeaderPlayers.swift */,
				E22F889E29EBEAF4009B3518 /* Rounds.swift */,
				E22F88A129EBF2CE009B3518 /* FunctionalButtons.swift */,
			);
			path = Models;
			sourceTree = "<group>";
		};
		E22F88A029EBF26B009B3518 /* Style */ = {
			isa = PBXGroup;
			children = (
				E22F889C29EBE9AA009B3518 /* RowStyle.swift */,
			);
			path = Style;
			sourceTree = "<group>";
		};
/* End PBXGroup section */

/* Begin PBXNativeTarget section */
		E22F886629EB7E05009B3518 /* CardMarksCalculate */ = {
			isa = PBXNativeTarget;
			buildConfigurationList = E22F888C29EB7E06009B3518 /* Build configuration list for PBXNativeTarget "CardMarksCalculate" */;
			buildPhases = (
				E22F886329EB7E05009B3518 /* Sources */,
				E22F886429EB7E05009B3518 /* Frameworks */,
				E22F886529EB7E05009B3518 /* Resources */,
			);
			buildRules = (
			);
			dependencies = (
			);
			name = CardMarksCalculate;
			productName = CardMarksCalculate;
			productReference = E22F886729EB7E05009B3518 /* CardMarksCalculate.app */;
			productType = "com.apple.product-type.application";
		};
		E22F887729EB7E06009B3518 /* CardMarksCalculateTests */ = {
			isa = PBXNativeTarget;
			buildConfigurationList = E22F888F29EB7E06009B3518 /* Build configuration list for PBXNativeTarget "CardMarksCalculateTests" */;
			buildPhases = (
				E22F887429EB7E06009B3518 /* Sources */,
				E22F887529EB7E06009B3518 /* Frameworks */,
				E22F887629EB7E06009B3518 /* Resources */,
			);
			buildRules = (
			);
			dependencies = (
				E22F887A29EB7E06009B3518 /* PBXTargetDependency */,
			);
			name = CardMarksCalculateTests;
			productName = CardMarksCalculateTests;
			productReference = E22F887829EB7E06009B3518 /* CardMarksCalculateTests.xctest */;
			productType = "com.apple.product-type.bundle.unit-test";
		};
		E22F888129EB7E06009B3518 /* CardMarksCalculateUITests */ = {
			isa = PBXNativeTarget;
			buildConfigurationList = E22F889229EB7E06009B3518 /* Build configuration list for PBXNativeTarget "CardMarksCalculateUITests" */;
			buildPhases = (
				E22F887E29EB7E06009B3518 /* Sources */,
				E22F887F29EB7E06009B3518 /* Frameworks */,
				E22F888029EB7E06009B3518 /* Resources */,
			);
			buildRules = (
			);
			dependencies = (
				E22F888429EB7E06009B3518 /* PBXTargetDependency */,
			);
			name = CardMarksCalculateUITests;
			productName = CardMarksCalculateUITests;
			productReference = E22F888229EB7E06009B3518 /* CardMarksCalculateUITests.xctest */;
			productType = "com.apple.product-type.bundle.ui-testing";
		};
/* End PBXNativeTarget section */

/* Begin PBXProject section */
		E22F885F29EB7E04009B3518 /* Project object */ = {
			isa = PBXProject;
			attributes = {
				BuildIndependentTargetsInParallel = 1;
				LastSwiftUpdateCheck = 1420;
				LastUpgradeCheck = 1420;
				TargetAttributes = {
					E22F886629EB7E05009B3518 = {
						CreatedOnToolsVersion = 14.2;
					};
					E22F887729EB7E06009B3518 = {
						CreatedOnToolsVersion = 14.2;
						TestTargetID = E22F886629EB7E05009B3518;
					};
					E22F888129EB7E06009B3518 = {
						CreatedOnToolsVersion = 14.2;
						TestTargetID = E22F886629EB7E05009B3518;
					};
				};
			};
			buildConfigurationList = E22F886229EB7E04009B3518 /* Build configuration list for PBXProject "CardMarksCalculate" */;
			compatibilityVersion = "Xcode 14.0";
			developmentRegion = en;
			hasScannedForEncodings = 0;
			knownRegions = (
				en,
				Base,
			);
			mainGroup = E22F885E29EB7E04009B3518;
			productRefGroup = E22F886829EB7E05009B3518 /* Products */;
			projectDirPath = "";
			projectRoot = "";
			targets = (
				E22F886629EB7E05009B3518 /* CardMarksCalculate */,
				E22F887729EB7E06009B3518 /* CardMarksCalculateTests */,
				E22F888129EB7E06009B3518 /* CardMarksCalculateUITests */,
			);
		};
/* End PBXProject section */

/* Begin PBXResourcesBuildPhase section */
		E22F886529EB7E05009B3518 /* Resources */ = {
			isa = PBXResourcesBuildPhase;
			buildActionMask = 2147483647;
			files = (
				E22F887329EB7E06009B3518 /* Preview Assets.xcassets in Resources */,
				E22F886F29EB7E06009B3518 /* Assets.xcassets in Resources */,
			);
			runOnlyForDeploymentPostprocessing = 0;
		};
		E22F887629EB7E06009B3518 /* Resources */ = {
			isa = PBXResourcesBuildPhase;
			buildActionMask = 2147483647;
			files = (
			);
			runOnlyForDeploymentPostprocessing = 0;
		};
		E22F888029EB7E06009B3518 /* Resources */ = {
			isa = PBXResourcesBuildPhase;
			buildActionMask = 2147483647;
			files = (
			);
			runOnlyForDeploymentPostprocessing = 0;
		};
/* End PBXResourcesBuildPhase section */

/* Begin PBXSourcesBuildPhase section */
		E22F886329EB7E05009B3518 /* Sources */ = {
			isa = PBXSourcesBuildPhase;
			buildActionMask = 2147483647;
			files = (
				E22F889729EB7FED009B3518 /* Ranks.swift in Sources */,
				E22F886D29EB7E05009B3518 /* ContentView.swift in Sources */,
				E22F886B29EB7E05009B3518 /* CardMarksCalculateApp.swift in Sources */,
				E22F889B29EBAAD4009B3518 /* HeaderPlayers.swift in Sources */,
				E22F88A229EBF2CE009B3518 /* FunctionalButtons.swift in Sources */,
				E22F889D29EBE9AA009B3518 /* RowStyle.swift in Sources */,
				E22F889F29EBEAF4009B3518 /* Rounds.swift in Sources */,
				E22F889929EB8B4A009B3518 /* Rank.swift in Sources */,
			);
			runOnlyForDeploymentPostprocessing = 0;
		};
		E22F887429EB7E06009B3518 /* Sources */ = {
			isa = PBXSourcesBuildPhase;
			buildActionMask = 2147483647;
			files = (
				E22F887D29EB7E06009B3518 /* CardMarksCalculateTests.swift in Sources */,
			);
			runOnlyForDeploymentPostprocessing = 0;
		};
		E22F887E29EB7E06009B3518 /* Sources */ = {
			isa = PBXSourcesBuildPhase;
			buildActionMask = 2147483647;
			files = (
				E22F888929EB7E06009B3518 /* CardMarksCalculateUITestsLaunchTests.swift in Sources */,
				E22F888729EB7E06009B3518 /* CardMarksCalculateUITests.swift in Sources */,
			);
			runOnlyForDeploymentPostprocessing = 0;
		};
/* End PBXSourcesBuildPhase section */

/* Begin PBXTargetDependency section */
		E22F887A29EB7E06009B3518 /* PBXTargetDependency */ = {
			isa = PBXTargetDependency;
			target = E22F886629EB7E05009B3518 /* CardMarksCalculate */;
			targetProxy = E22F887929EB7E06009B3518 /* PBXContainerItemProxy */;
		};
		E22F888429EB7E06009B3518 /* PBXTargetDependency */ = {
			isa = PBXTargetDependency;
			target = E22F886629EB7E05009B3518 /* CardMarksCalculate */;
			targetProxy = E22F888329EB7E06009B3518 /* PBXContainerItemProxy */;
		};
/* End PBXTargetDependency section */

/* Begin XCBuildConfiguration section */
		E22F888A29EB7E06009B3518 /* Debug */ = {
			isa = XCBuildConfiguration;
			buildSettings = {
				ALWAYS_SEARCH_USER_PATHS = NO;
				CLANG_ANALYZER_NONNULL = YES;
				CLANG_ANALYZER_NUMBER_OBJECT_CONVERSION = YES_AGGRESSIVE;
				CLANG_CXX_LANGUAGE_STANDARD = "gnu++20";
				CLANG_ENABLE_MODULES = YES;
				CLANG_ENABLE_OBJC_ARC = YES;
				CLANG_ENABLE_OBJC_WEAK = YES;
				CLANG_WARN_BLOCK_CAPTURE_AUTORELEASING = YES;
				CLANG_WARN_BOOL_CONVERSION = YES;
				CLANG_WARN_COMMA = YES;
				CLANG_WARN_CONSTANT_CONVERSION = YES;
				CLANG_WARN_DEPRECATED_OBJC_IMPLEMENTATIONS = YES;
				CLANG_WARN_DIRECT_OBJC_ISA_USAGE = YES_ERROR;
				CLANG_WARN_DOCUMENTATION_COMMENTS = YES;
				CLANG_WARN_EMPTY_BODY = YES;
				CLANG_WARN_ENUM_CONVERSION = YES;
				CLANG_WARN_INFINITE_RECURSION = YES;
				CLANG_WARN_INT_CONVERSION = YES;
				CLANG_WARN_NON_LITERAL_NULL_CONVERSION = YES;
				CLANG_WARN_OBJC_IMPLICIT_RETAIN_SELF = YES;
				CLANG_WARN_OBJC_LITERAL_CONVERSION = YES;
				CLANG_WARN_OBJC_ROOT_CLASS = YES_ERROR;
				CLANG_WARN_QUOTED_INCLUDE_IN_FRAMEWORK_HEADER = YES;
				CLANG_WARN_RANGE_LOOP_ANALYSIS = YES;
				CLANG_WARN_STRICT_PROTOTYPES = YES;
				CLANG_WARN_SUSPICIOUS_MOVE = YES;
				CLANG_WARN_UNGUARDED_AVAILABILITY = YES_AGGRESSIVE;
				CLANG_WARN_UNREACHABLE_CODE = YES;
				CLANG_WARN__DUPLICATE_METHOD_MATCH = YES;
				COPY_PHASE_STRIP = NO;
				DEBUG_INFORMATION_FORMAT = dwarf;
				ENABLE_STRICT_OBJC_MSGSEND = YES;
				ENABLE_TESTABILITY = YES;
				GCC_C_LANGUAGE_STANDARD = gnu11;
				GCC_DYNAMIC_NO_PIC = NO;
				GCC_NO_COMMON_BLOCKS = YES;
				GCC_OPTIMIZATION_LEVEL = 0;
				GCC_PREPROCESSOR_DEFINITIONS = (
					"DEBUG=1",
					"$(inherited)",
				);
				GCC_WARN_64_TO_32_BIT_CONVERSION = YES;
				GCC_WARN_ABOUT_RETURN_TYPE = YES_ERROR;
				GCC_WARN_UNDECLARED_SELECTOR = YES;
				GCC_WARN_UNINITIALIZED_AUTOS = YES_AGGRESSIVE;
				GCC_WARN_UNUSED_FUNCTION = YES;
				GCC_WARN_UNUSED_VARIABLE = YES;
				MTL_ENABLE_DEBUG_INFO = INCLUDE_SOURCE;
				MTL_FAST_MATH = YES;
				ONLY_ACTIVE_ARCH = YES;
				SWIFT_ACTIVE_COMPILATION_CONDITIONS = DEBUG;
				SWIFT_OPTIMIZATION_LEVEL = "-Onone";
			};
			name = Debug;
		};
		E22F888B29EB7E06009B3518 /* Release */ = {
			isa = XCBuildConfiguration;
			buildSettings = {
				ALWAYS_SEARCH_USER_PATHS = NO;
				CLANG_ANALYZER_NONNULL = YES;
				CLANG_ANALYZER_NUMBER_OBJECT_CONVERSION = YES_AGGRESSIVE;
				CLANG_CXX_LANGUAGE_STANDARD = "gnu++20";
				CLANG_ENABLE_MODULES = YES;
				CLANG_ENABLE_OBJC_ARC = YES;
				CLANG_ENABLE_OBJC_WEAK = YES;
				CLANG_WARN_BLOCK_CAPTURE_AUTORELEASING = YES;
				CLANG_WARN_BOOL_CONVERSION = YES;
				CLANG_WARN_COMMA = YES;
				CLANG_WARN_CONSTANT_CONVERSION = YES;
				CLANG_WARN_DEPRECATED_OBJC_IMPLEMENTATIONS = YES;
				CLANG_WARN_DIRECT_OBJC_ISA_USAGE = YES_ERROR;
				CLANG_WARN_DOCUMENTATION_COMMENTS = YES;
				CLANG_WARN_EMPTY_BODY = YES;
				CLANG_WARN_ENUM_CONVERSION = YES;
				CLANG_WARN_INFINITE_RECURSION = YES;
				CLANG_WARN_INT_CONVERSION = YES;
				CLANG_WARN_NON_LITERAL_NULL_CONVERSION = YES;
				CLANG_WARN_OBJC_IMPLICIT_RETAIN_SELF = YES;
				CLANG_WARN_OBJC_LITERAL_CONVERSION = YES;
				CLANG_WARN_OBJC_ROOT_CLASS = YES_ERROR;
				CLANG_WARN_QUOTED_INCLUDE_IN_FRAMEWORK_HEADER = YES;
				CLANG_WARN_RANGE_LOOP_ANALYSIS = YES;
				CLANG_WARN_STRICT_PROTOTYPES = YES;
				CLANG_WARN_SUSPICIOUS_MOVE = YES;
				CLANG_WARN_UNGUARDED_AVAILABILITY = YES_AGGRESSIVE;
				CLANG_WARN_UNREACHABLE_CODE = YES;
				CLANG_WARN__DUPLICATE_METHOD_MATCH = YES;
				COPY_PHASE_STRIP = NO;
				DEBUG_INFORMATION_FORMAT = "dwarf-with-dsym";
				ENABLE_NS_ASSERTIONS = NO;
				ENABLE_STRICT_OBJC_MSGSEND = YES;
				GCC_C_LANGUAGE_STANDARD = gnu11;
				GCC_NO_COMMON_BLOCKS = YES;
				GCC_WARN_64_TO_32_BIT_CONVERSION = YES;
				GCC_WARN_ABOUT_RETURN_TYPE = YES_ERROR;
				GCC_WARN_UNDECLARED_SELECTOR = YES;
				GCC_WARN_UNINITIALIZED_AUTOS = YES_AGGRESSIVE;
				GCC_WARN_UNUSED_FUNCTION = YES;
				GCC_WARN_UNUSED_VARIABLE = YES;
				MTL_ENABLE_DEBUG_INFO = NO;
				MTL_FAST_MATH = YES;
				SWIFT_COMPILATION_MODE = wholemodule;
				SWIFT_OPTIMIZATION_LEVEL = "-O";
			};
			name = Release;
		};
		E22F888D29EB7E06009B3518 /* Debug */ = {
			isa = XCBuildConfiguration;
			buildSettings = {
				ASSETCATALOG_COMPILER_APPICON_NAME = AppIcon;
				ASSETCATALOG_COMPILER_GLOBAL_ACCENT_COLOR_NAME = AccentColor;
				CODE_SIGN_ENTITLEMENTS = CardMarksCalculate/CardMarksCalculate.entitlements;
				CODE_SIGN_STYLE = Automatic;
				CURRENT_PROJECT_VERSION = 1;
				DEVELOPMENT_ASSET_PATHS = "\"CardMarksCalculate/Preview Content\"";
				ENABLE_PREVIEWS = YES;
				GENERATE_INFOPLIST_FILE = YES;
				"INFOPLIST_KEY_UIApplicationSceneManifest_Generation[sdk=iphoneos*]" = YES;
				"INFOPLIST_KEY_UIApplicationSceneManifest_Generation[sdk=iphonesimulator*]" = YES;
				"INFOPLIST_KEY_UIApplicationSupportsIndirectInputEvents[sdk=iphoneos*]" = YES;
				"INFOPLIST_KEY_UIApplicationSupportsIndirectInputEvents[sdk=iphonesimulator*]" = YES;
				"INFOPLIST_KEY_UILaunchScreen_Generation[sdk=iphoneos*]" = YES;
				"INFOPLIST_KEY_UILaunchScreen_Generation[sdk=iphonesimulator*]" = YES;
				"INFOPLIST_KEY_UIStatusBarStyle[sdk=iphoneos*]" = UIStatusBarStyleDefault;
				"INFOPLIST_KEY_UIStatusBarStyle[sdk=iphonesimulator*]" = UIStatusBarStyleDefault;
				INFOPLIST_KEY_UISupportedInterfaceOrientations_iPad = "UIInterfaceOrientationPortrait UIInterfaceOrientationPortraitUpsideDown UIInterfaceOrientationLandscapeLeft UIInterfaceOrientationLandscapeRight";
				INFOPLIST_KEY_UISupportedInterfaceOrientations_iPhone = "UIInterfaceOrientationPortrait UIInterfaceOrientationLandscapeLeft UIInterfaceOrientationLandscapeRight";
				IPHONEOS_DEPLOYMENT_TARGET = 16.2;
				LD_RUNPATH_SEARCH_PATHS = "@executable_path/Frameworks";
				"LD_RUNPATH_SEARCH_PATHS[sdk=macosx*]" = "@executable_path/../Frameworks";
				MACOSX_DEPLOYMENT_TARGET = 13.1;
				MARKETING_VERSION = 1.0;
				PRODUCT_BUNDLE_IDENTIFIER = kanguki.CardMarksCalculate;
				PRODUCT_NAME = "$(TARGET_NAME)";
				SDKROOT = auto;
				SUPPORTED_PLATFORMS = "iphoneos iphonesimulator macosx";
				SWIFT_EMIT_LOC_STRINGS = YES;
				SWIFT_VERSION = 5.0;
				TARGETED_DEVICE_FAMILY = "1,2";
			};
			name = Debug;
		};
		E22F888E29EB7E06009B3518 /* Release */ = {
			isa = XCBuildConfiguration;
			buildSettings = {
				ASSETCATALOG_COMPILER_APPICON_NAME = AppIcon;
				ASSETCATALOG_COMPILER_GLOBAL_ACCENT_COLOR_NAME = AccentColor;
				CODE_SIGN_ENTITLEMENTS = CardMarksCalculate/CardMarksCalculate.entitlements;
				CODE_SIGN_STYLE = Automatic;
				CURRENT_PROJECT_VERSION = 1;
				DEVELOPMENT_ASSET_PATHS = "\"CardMarksCalculate/Preview Content\"";
				ENABLE_PREVIEWS = YES;
				GENERATE_INFOPLIST_FILE = YES;
				"INFOPLIST_KEY_UIApplicationSceneManifest_Generation[sdk=iphoneos*]" = YES;
				"INFOPLIST_KEY_UIApplicationSceneManifest_Generation[sdk=iphonesimulator*]" = YES;
				"INFOPLIST_KEY_UIApplicationSupportsIndirectInputEvents[sdk=iphoneos*]" = YES;
				"INFOPLIST_KEY_UIApplicationSupportsIndirectInputEvents[sdk=iphonesimulator*]" = YES;
				"INFOPLIST_KEY_UILaunchScreen_Generation[sdk=iphoneos*]" = YES;
				"INFOPLIST_KEY_UILaunchScreen_Generation[sdk=iphonesimulator*]" = YES;
				"INFOPLIST_KEY_UIStatusBarStyle[sdk=iphoneos*]" = UIStatusBarStyleDefault;
				"INFOPLIST_KEY_UIStatusBarStyle[sdk=iphonesimulator*]" = UIStatusBarStyleDefault;
				INFOPLIST_KEY_UISupportedInterfaceOrientations_iPad = "UIInterfaceOrientationPortrait UIInterfaceOrientationPortraitUpsideDown UIInterfaceOrientationLandscapeLeft UIInterfaceOrientationLandscapeRight";
				INFOPLIST_KEY_UISupportedInterfaceOrientations_iPhone = "UIInterfaceOrientationPortrait UIInterfaceOrientationLandscapeLeft UIInterfaceOrientationLandscapeRight";
				IPHONEOS_DEPLOYMENT_TARGET = 16.2;
				LD_RUNPATH_SEARCH_PATHS = "@executable_path/Frameworks";
				"LD_RUNPATH_SEARCH_PATHS[sdk=macosx*]" = "@executable_path/../Frameworks";
				MACOSX_DEPLOYMENT_TARGET = 13.1;
				MARKETING_VERSION = 1.0;
				PRODUCT_BUNDLE_IDENTIFIER = kanguki.CardMarksCalculate;
				PRODUCT_NAME = "$(TARGET_NAME)";
				SDKROOT = auto;
				SUPPORTED_PLATFORMS = "iphoneos iphonesimulator macosx";
				SWIFT_EMIT_LOC_STRINGS = YES;
				SWIFT_VERSION = 5.0;
				TARGETED_DEVICE_FAMILY = "1,2";
			};
			name = Release;
		};
		E22F889029EB7E06009B3518 /* Debug */ = {
			isa = XCBuildConfiguration;
			buildSettings = {
				ALWAYS_EMBED_SWIFT_STANDARD_LIBRARIES = YES;
				BUNDLE_LOADER = "$(TEST_HOST)";
				CODE_SIGN_STYLE = Automatic;
				CURRENT_PROJECT_VERSION = 1;
				GENERATE_INFOPLIST_FILE = YES;
				IPHONEOS_DEPLOYMENT_TARGET = 16.2;
				MACOSX_DEPLOYMENT_TARGET = 13.1;
				MARKETING_VERSION = 1.0;
				PRODUCT_BUNDLE_IDENTIFIER = kanguki.CardMarksCalculateTests;
				PRODUCT_NAME = "$(TARGET_NAME)";
				SDKROOT = auto;
				SUPPORTED_PLATFORMS = "iphoneos iphonesimulator macosx";
				SWIFT_EMIT_LOC_STRINGS = NO;
				SWIFT_VERSION = 5.0;
				TARGETED_DEVICE_FAMILY = "1,2";
				TEST_HOST = "$(BUILT_PRODUCTS_DIR)/CardMarksCalculate.app/$(BUNDLE_EXECUTABLE_FOLDER_PATH)/CardMarksCalculate";
			};
			name = Debug;
		};
		E22F889129EB7E06009B3518 /* Release */ = {
			isa = XCBuildConfiguration;
			buildSettings = {
				ALWAYS_EMBED_SWIFT_STANDARD_LIBRARIES = YES;
				BUNDLE_LOADER = "$(TEST_HOST)";
				CODE_SIGN_STYLE = Automatic;
				CURRENT_PROJECT_VERSION = 1;
				GENERATE_INFOPLIST_FILE = YES;
				IPHONEOS_DEPLOYMENT_TARGET = 16.2;
				MACOSX_DEPLOYMENT_TARGET = 13.1;
				MARKETING_VERSION = 1.0;
				PRODUCT_BUNDLE_IDENTIFIER = kanguki.CardMarksCalculateTests;
				PRODUCT_NAME = "$(TARGET_NAME)";
				SDKROOT = auto;
				SUPPORTED_PLATFORMS = "iphoneos iphonesimulator macosx";
				SWIFT_EMIT_LOC_STRINGS = NO;
				SWIFT_VERSION = 5.0;
				TARGETED_DEVICE_FAMILY = "1,2";
				TEST_HOST = "$(BUILT_PRODUCTS_DIR)/CardMarksCalculate.app/$(BUNDLE_EXECUTABLE_FOLDER_PATH)/CardMarksCalculate";
			};
			name = Release;
		};
		E22F889329EB7E06009B3518 /* Debug */ = {
			isa = XCBuildConfiguration;
			buildSettings = {
				ALWAYS_EMBED_SWIFT_STANDARD_LIBRARIES = YES;
				CODE_SIGN_STYLE = Automatic;
				CURRENT_PROJECT_VERSION = 1;
				GENERATE_INFOPLIST_FILE = YES;
				IPHONEOS_DEPLOYMENT_TARGET = 16.2;
				MACOSX_DEPLOYMENT_TARGET = 13.1;
				MARKETING_VERSION = 1.0;
				PRODUCT_BUNDLE_IDENTIFIER = kanguki.CardMarksCalculateUITests;
				PRODUCT_NAME = "$(TARGET_NAME)";
				SDKROOT = auto;
				SUPPORTED_PLATFORMS = "iphoneos iphonesimulator macosx";
				SWIFT_EMIT_LOC_STRINGS = NO;
				SWIFT_VERSION = 5.0;
				TARGETED_DEVICE_FAMILY = "1,2";
				TEST_TARGET_NAME = CardMarksCalculate;
			};
			name = Debug;
		};
		E22F889429EB7E06009B3518 /* Release */ = {
			isa = XCBuildConfiguration;
			buildSettings = {
				ALWAYS_EMBED_SWIFT_STANDARD_LIBRARIES = YES;
				CODE_SIGN_STYLE = Automatic;
				CURRENT_PROJECT_VERSION = 1;
				GENERATE_INFOPLIST_FILE = YES;
				IPHONEOS_DEPLOYMENT_TARGET = 16.2;
				MACOSX_DEPLOYMENT_TARGET = 13.1;
				MARKETING_VERSION = 1.0;
				PRODUCT_BUNDLE_IDENTIFIER = kanguki.CardMarksCalculateUITests;
				PRODUCT_NAME = "$(TARGET_NAME)";
				SDKROOT = auto;
				SUPPORTED_PLATFORMS = "iphoneos iphonesimulator macosx";
				SWIFT_EMIT_LOC_STRINGS = NO;
				SWIFT_VERSION = 5.0;
				TARGETED_DEVICE_FAMILY = "1,2";
				TEST_TARGET_NAME = CardMarksCalculate;
			};
			name = Release;
		};
/* End XCBuildConfiguration section */

/* Begin XCConfigurationList section */
		E22F886229EB7E04009B3518 /* Build configuration list for PBXProject "CardMarksCalculate" */ = {
			isa = XCConfigurationList;
			buildConfigurations = (
				E22F888A29EB7E06009B3518 /* Debug */,
				E22F888B29EB7E06009B3518 /* Release */,
			);
			defaultConfigurationIsVisible = 0;
			defaultConfigurationName = Release;
		};
		E22F888C29EB7E06009B3518 /* Build configuration list for PBXNativeTarget "CardMarksCalculate" */ = {
			isa = XCConfigurationList;
			buildConfigurations = (
				E22F888D29EB7E06009B3518 /* Debug */,
				E22F888E29EB7E06009B3518 /* Release */,
			);
			defaultConfigurationIsVisible = 0;
			defaultConfigurationName = Release;
		};
		E22F888F29EB7E06009B3518 /* Build configuration list for PBXNativeTarget "CardMarksCalculateTests" */ = {
			isa = XCConfigurationList;
			buildConfigurations = (
				E22F889029EB7E06009B3518 /* Debug */,
				E22F889129EB7E06009B3518 /* Release */,
			);
			defaultConfigurationIsVisible = 0;
			defaultConfigurationName = Release;
		};
		E22F889229EB7E06009B3518 /* Build configuration list for PBXNativeTarget "CardMarksCalculateUITests" */ = {
			isa = XCConfigurationList;
			buildConfigurations = (
				E22F889329EB7E06009B3518 /* Debug */,
				E22F889429EB7E06009B3518 /* Release */,
			);
			defaultConfigurationIsVisible = 0;
			defaultConfigurationName = Release;
		};
/* End XCConfigurationList section */
	};
	rootObject = E22F885F29EB7E04009B3518 /* Project object */;
}
